[[package]]
name = "argparse"
version = "1.4.0"
description = "Python command-line parsing library"
category = "main"
optional = false
python-versions = "*"

[[package]]
name = "arrow"
version = "1.2.0"
description = "Better dates & times for Python"
category = "main"
optional = false
python-versions = ">=3.6"

[package.dependencies]
python-dateutil = ">=2.7.0"
typing-extensions = {version = "*", markers = "python_version < \"3.8\""}

[[package]]
name = "astroid"
version = "2.9.3"
description = "An abstract syntax tree for Python with inference support."
category = "main"
optional = false
python-versions = ">=3.6.2"

[package.dependencies]
lazy-object-proxy = ">=1.4.0"
typed-ast = {version = ">=1.4.0,<2.0", markers = "implementation_name == \"cpython\" and python_version < \"3.8\""}
typing-extensions = {version = ">=3.10", markers = "python_version < \"3.10\""}
wrapt = ">=1.11,<1.14"

[[package]]
name = "atomicwrites"
version = "1.4.0"
description = "Atomic file writes."
category = "main"
optional = false
python-versions = ">=2.7, !=3.0.*, !=3.1.*, !=3.2.*, !=3.3.*"

[[package]]
name = "attrs"
version = "21.4.0"
description = "Classes Without Boilerplate"
category = "main"
optional = false
python-versions = ">=2.7, !=3.0.*, !=3.1.*, !=3.2.*, !=3.3.*, !=3.4.*"

[package.extras]
dev = ["coverage[toml] (>=5.0.2)", "hypothesis", "pympler", "pytest (>=4.3.0)", "six", "mypy", "pytest-mypy-plugins", "zope.interface", "furo", "sphinx", "sphinx-notfound-page", "pre-commit", "cloudpickle"]
docs = ["furo", "sphinx", "zope.interface", "sphinx-notfound-page"]
tests = ["coverage[toml] (>=5.0.2)", "hypothesis", "pympler", "pytest (>=4.3.0)", "six", "mypy", "pytest-mypy-plugins", "zope.interface", "cloudpickle"]
tests_no_zope = ["coverage[toml] (>=5.0.2)", "hypothesis", "pympler", "pytest (>=4.3.0)", "six", "mypy", "pytest-mypy-plugins", "cloudpickle"]

[[package]]
name = "boto3"
version = "1.20.35"
description = "The AWS SDK for Python"
category = "main"
optional = false
python-versions = ">= 3.6"

[package.dependencies]
botocore = ">=1.23.35,<1.24.0"
jmespath = ">=0.7.1,<1.0.0"
s3transfer = ">=0.5.0,<0.6.0"

[package.extras]
crt = ["botocore[crt] (>=1.21.0,<2.0a0)"]

[[package]]
name = "botocore"
version = "1.23.35"
description = "Low-level, data-driven core of boto 3."
category = "main"
optional = false
python-versions = ">= 3.6"

[package.dependencies]
jmespath = ">=0.7.1,<1.0.0"
python-dateutil = ">=2.1,<3.0.0"
urllib3 = ">=1.25.4,<1.27"

[package.extras]
crt = ["awscrt (==0.12.5)"]

[[package]]
name = "certifi"
version = "2021.10.8"
description = "Python package for providing Mozilla's CA Bundle."
category = "main"
optional = false
python-versions = "*"

[[package]]
name = "charset-normalizer"
version = "2.0.10"
description = "The Real First Universal Charset Detector. Open, modern and actively maintained alternative to Chardet."
category = "main"
optional = false
python-versions = ">=3.5.0"

[package.extras]
unicode_backport = ["unicodedata2"]

[[package]]
name = "click"
version = "8.0.1"
description = "Composable command line interface toolkit"
category = "main"
optional = false
python-versions = ">=3.6"

[package.dependencies]
colorama = {version = "*", markers = "platform_system == \"Windows\""}
importlib-metadata = {version = "*", markers = "python_version < \"3.8\""}

[[package]]
name = "colorama"
version = "0.4.4"
description = "Cross-platform colored terminal text."
category = "main"
optional = false
python-versions = ">=2.7, !=3.0.*, !=3.1.*, !=3.2.*, !=3.3.*, !=3.4.*"

[[package]]
name = "contextlib2"
version = "21.6.0"
description = "Backports and enhancements for the contextlib module"
category = "main"
optional = false
python-versions = ">=3.6"

[[package]]
name = "dataclasses"
version = "0.8"
description = "A backport of the dataclasses module for Python 3.6"
category = "main"
optional = false
python-versions = ">=3.6, <3.7"

[[package]]
name = "decorator"
version = "5.1.1"
description = "Decorators for Humans"
category = "main"
optional = false
python-versions = ">=3.5"

[[package]]
name = "gitlint"
version = "0.16.0"
description = "Git commit message linter written in python, checks your commit messages for style."
category = "main"
optional = false
python-versions = ">=3.6"

[package.dependencies]
arrow = "1.2.0"
Click = "8.0.1"
sh = {version = "1.14.2", markers = "sys_platform != \"win32\""}

[[package]]
name = "idna"
version = "3.3"
description = "Internationalized Domain Names in Applications (IDNA)"
category = "main"
optional = false
python-versions = ">=3.5"

[[package]]
name = "importlib-metadata"
version = "4.8.3"
description = "Read metadata from Python packages"
category = "main"
optional = false
python-versions = ">=3.6"

[package.dependencies]
typing-extensions = {version = ">=3.6.4", markers = "python_version < \"3.8\""}
zipp = ">=0.5"

[package.extras]
docs = ["sphinx", "jaraco.packaging (>=8.2)", "rst.linker (>=1.9)"]
perf = ["ipython"]
testing = ["pytest (>=6)", "pytest-checkdocs (>=2.4)", "pytest-flake8", "pytest-cov", "pytest-enabler (>=1.0.1)", "packaging", "pep517", "pyfakefs", "flufl.flake8", "pytest-perf (>=0.9.2)", "pytest-black (>=0.3.7)", "pytest-mypy", "importlib-resources (>=1.3)"]

[[package]]
name = "iniconfig"
version = "1.1.1"
description = "iniconfig: brain-dead simple config-ini parsing"
category = "main"
optional = false
python-versions = "*"

[[package]]
name = "isort"
version = "5.10.1"
description = "A Python utility / library to sort Python imports."
category = "main"
optional = false
python-versions = ">=3.6.1,<4.0"

[package.extras]
pipfile_deprecated_finder = ["pipreqs", "requirementslib"]
requirements_deprecated_finder = ["pipreqs", "pip-api"]
colors = ["colorama (>=0.4.3,<0.5.0)"]
plugins = ["setuptools"]

[[package]]
name = "jmespath"
version = "0.10.0"
description = "JSON Matching Expressions"
category = "main"
optional = false
python-versions = ">=2.6, !=3.0.*, !=3.1.*, !=3.2.*"

[[package]]
name = "lazy-object-proxy"
version = "1.7.1"
description = "A fast and thorough lazy object proxy."
category = "main"
optional = false
python-versions = ">=3.6"

[[package]]
name = "mccabe"
version = "0.6.1"
description = "McCabe checker, plugin for flake8"
category = "main"
optional = false
python-versions = "*"

[[package]]
name = "nsenter"
version = "0.2"
description = "Enter kernel namespaces from Python"
category = "main"
optional = false
python-versions = "*"

[package.dependencies]
argparse = "*"
contextlib2 = "*"
pathlib = "*"

[[package]]
name = "packaging"
version = "21.3"
description = "Core utilities for Python packages"
category = "main"
optional = false
python-versions = ">=3.6"

[package.dependencies]
pyparsing = ">=2.0.2,<3.0.5 || >3.0.5"

[[package]]
name = "pathlib"
version = "1.0.1"
description = "Object-oriented filesystem paths"
category = "main"
optional = false
python-versions = "*"

[[package]]
name = "platformdirs"
version = "2.4.0"
description = "A small Python module for determining appropriate platform-specific dirs, e.g. a \"user data dir\"."
category = "main"
optional = false
python-versions = ">=3.6"

[package.extras]
docs = ["Sphinx (>=4)", "furo (>=2021.7.5b38)", "proselint (>=0.10.2)", "sphinx-autodoc-typehints (>=1.12)"]
test = ["appdirs (==1.4.4)", "pytest (>=6)", "pytest-cov (>=2.7)", "pytest-mock (>=3.6)"]

[[package]]
name = "pluggy"
version = "1.0.0"
description = "plugin and hook calling mechanisms for python"
category = "main"
optional = false
python-versions = ">=3.6"

[package.dependencies]
importlib-metadata = {version = ">=0.12", markers = "python_version < \"3.8\""}

[package.extras]
dev = ["pre-commit", "tox"]
testing = ["pytest", "pytest-benchmark"]

[[package]]
name = "psutil"
version = "5.7.0"
description = "Cross-platform lib for process and system monitoring in Python."
category = "main"
optional = false
python-versions = ">=2.6, !=3.0.*, !=3.1.*, !=3.2.*, !=3.3.*"

[package.extras]
enum = ["enum34"]

[[package]]
name = "py"
version = "1.11.0"
description = "library with cross-python path, ini-parsing, io, code, log facilities"
category = "main"
optional = false
python-versions = ">=2.7, !=3.0.*, !=3.1.*, !=3.2.*, !=3.3.*, !=3.4.*"

[[package]]
name = "pycodestyle"
version = "2.8.0"
description = "Python style guide checker"
category = "main"
optional = false
python-versions = ">=2.7, !=3.0.*, !=3.1.*, !=3.2.*, !=3.3.*, !=3.4.*"

[[package]]
name = "pydocstyle"
version = "6.1.1"
description = "Python docstring style checker"
category = "main"
optional = false
python-versions = ">=3.6"

[package.dependencies]
snowballstemmer = "*"

[package.extras]
toml = ["toml"]

[[package]]
name = "pylint"
version = "2.12.2"
description = "python code static checker"
category = "main"
optional = false
python-versions = ">=3.6.2"

[package.dependencies]
astroid = ">=2.9.0,<2.10"
colorama = {version = "*", markers = "sys_platform == \"win32\""}
isort = ">=4.2.5,<6"
mccabe = ">=0.6,<0.7"
platformdirs = ">=2.2.0"
toml = ">=0.9.2"
typing-extensions = {version = ">=3.10.0", markers = "python_version < \"3.10\""}

[[package]]
name = "pyparsing"
version = "3.0.6"
description = "Python parsing module"
category = "main"
optional = false
python-versions = ">=3.6"

[package.extras]
diagrams = ["jinja2", "railroad-diagrams"]

[[package]]
name = "pytest"
version = "6.2.5"
description = "pytest: simple powerful testing with Python"
category = "main"
optional = false
python-versions = ">=3.6"

[package.dependencies]
atomicwrites = {version = ">=1.0", markers = "sys_platform == \"win32\""}
attrs = ">=19.2.0"
colorama = {version = "*", markers = "sys_platform == \"win32\""}
importlib-metadata = {version = ">=0.12", markers = "python_version < \"3.8\""}
iniconfig = "*"
packaging = "*"
pluggy = ">=0.12,<2.0"
py = ">=1.8.2"
toml = "*"

[package.extras]
testing = ["argcomplete", "hypothesis (>=3.56)", "mock", "nose", "requests", "xmlschema"]

[[package]]
name = "pytest-timeout"
version = "2.0.2"
description = "pytest plugin to abort hanging tests"
category = "main"
optional = false
python-versions = ">=3.6"

[package.dependencies]
pytest = ">=5.0.0"

[[package]]
name = "python-dateutil"
version = "2.8.2"
description = "Extensions to the standard Python datetime module"
category = "main"
optional = false
python-versions = "!=3.0.*,!=3.1.*,!=3.2.*,>=2.7"

[package.dependencies]
six = ">=1.5"

[[package]]
name = "pyyaml"
version = "6.0"
description = "YAML parser and emitter for Python"
category = "main"
optional = false
python-versions = ">=3.6"

[[package]]
name = "requests"
version = "2.27.1"
description = "Python HTTP for Humans."
category = "main"
optional = false
python-versions = ">=2.7, !=3.0.*, !=3.1.*, !=3.2.*, !=3.3.*, !=3.4.*, !=3.5.*"

[package.dependencies]
certifi = ">=2017.4.17"
charset-normalizer = {version = ">=2.0.0,<2.1.0", markers = "python_version >= \"3\""}
idna = {version = ">=2.5,<4", markers = "python_version >= \"3\""}
urllib3 = ">=1.21.1,<1.27"

[package.extras]
socks = ["PySocks (>=1.5.6,!=1.5.7)", "win-inet-pton"]
use_chardet_on_py3 = ["chardet (>=3.0.2,<5)"]

[[package]]
name = "requests-unixsocket"
version = "0.3.0"
description = "Use requests to talk HTTP via a UNIX domain socket"
category = "main"
optional = false
python-versions = "*"

[package.dependencies]
requests = ">=1.1"

[[package]]
name = "retry"
version = "0.9.2"
description = "Easy to use retry decorator."
category = "main"
optional = false
python-versions = "*"

[package.dependencies]
decorator = ">=3.4.2"
py = ">=1.4.26,<2.0.0"

[[package]]
name = "s3transfer"
version = "0.5.0"
description = "An Amazon S3 Transfer Manager"
category = "main"
optional = false
python-versions = ">= 3.6"

[package.dependencies]
botocore = ">=1.12.36,<2.0a.0"

[package.extras]
crt = ["botocore[crt] (>=1.20.29,<2.0a.0)"]

[[package]]
name = "sh"
version = "1.14.2"
description = "Python subprocess replacement"
category = "main"
optional = false
python-versions = "*"

[[package]]
name = "six"
version = "1.16.0"
description = "Python 2 and 3 compatibility utilities"
category = "main"
optional = false
python-versions = ">=2.7, !=3.0.*, !=3.1.*, !=3.2.*"

[[package]]
name = "snowballstemmer"
version = "2.2.0"
description = "This package provides 29 stemmers for 28 languages generated from Snowball algorithms."
category = "main"
optional = false
python-versions = "*"

[[package]]
name = "toml"
version = "0.10.2"
description = "Python Library for Tom's Obvious, Minimal Language"
category = "main"
optional = false
python-versions = ">=2.6, !=3.0.*, !=3.1.*, !=3.2.*"

[[package]]
name = "typed-ast"
version = "1.5.1"
description = "a fork of Python 2 and 3 ast modules with type comment support"
category = "main"
optional = false
python-versions = ">=3.6"

[[package]]
name = "typing-extensions"
version = "4.0.1"
description = "Backported and Experimental Type Hints for Python 3.6+"
category = "main"
optional = false
python-versions = ">=3.6"

[[package]]
name = "urllib3"
version = "1.26.8"
description = "HTTP library with thread-safe connection pooling, file post, and more."
category = "main"
optional = false
python-versions = ">=2.7, !=3.0.*, !=3.1.*, !=3.2.*, !=3.3.*, !=3.4.*, <4"

[package.extras]
brotli = ["brotlipy (>=0.6.0)"]
secure = ["pyOpenSSL (>=0.14)", "cryptography (>=1.3.4)", "idna (>=2.0.0)", "certifi", "ipaddress"]
socks = ["PySocks (>=1.5.6,!=1.5.7,<2.0)"]

[[package]]
name = "wrapt"
version = "1.13.3"
description = "Module for decorators, wrappers and monkey patching."
category = "main"
optional = false
python-versions = "!=3.0.*,!=3.1.*,!=3.2.*,!=3.3.*,!=3.4.*,>=2.7"

[[package]]
name = "zipp"
version = "3.6.0"
description = "Backport of pathlib-compatible object wrapper for zip files"
category = "main"
optional = false
python-versions = ">=3.6"

[package.extras]
docs = ["sphinx", "jaraco.packaging (>=8.2)", "rst.linker (>=1.9)"]
testing = ["pytest (>=4.6)", "pytest-checkdocs (>=2.4)", "pytest-flake8", "pytest-cov", "pytest-enabler (>=1.0.1)", "jaraco.itertools", "func-timeout", "pytest-black (>=0.3.7)", "pytest-mypy"]

[metadata]
lock-version = "1.1"
python-versions = "3.6.9"
content-hash = "3989ffe821c2f8699dee04000594ad5ae0e9bd3b936b3f046a41d4ca41ef3a58"

[metadata.files]
argparse = [
    {file = "argparse-1.4.0-py2.py3-none-any.whl", hash = "sha256:c31647edb69fd3d465a847ea3157d37bed1f95f19760b11a47aa91c04b666314"},
    {file = "argparse-1.4.0.tar.gz", hash = "sha256:62b089a55be1d8949cd2bc7e0df0bddb9e028faefc8c32038cc84862aefdd6e4"},
]
arrow = [
    {file = "arrow-1.2.0-py3-none-any.whl", hash = "sha256:8fb7d9d3d4bf90e49e734c22fa077bdd0964135c4b8120de2510575a8d1f620c"},
    {file = "arrow-1.2.0.tar.gz", hash = "sha256:16fc29bbd9e425e3eb0fef3018297910a0f4568f21116fc31771e2760a50e074"},
]
astroid = [
    {file = "astroid-2.9.3-py3-none-any.whl", hash = "sha256:506daabe5edffb7e696ad82483ad0228245a9742ed7d2d8c9cdb31537decf9f6"},
    {file = "astroid-2.9.3.tar.gz", hash = "sha256:1efdf4e867d4d8ba4a9f6cf9ce07cd182c4c41de77f23814feb27ca93ca9d877"},
]
atomicwrites = [
    {file = "atomicwrites-1.4.0-py2.py3-none-any.whl", hash = "sha256:6d1784dea7c0c8d4a5172b6c620f40b6e4cbfdf96d783691f2e1302a7b88e197"},
    {file = "atomicwrites-1.4.0.tar.gz", hash = "sha256:ae70396ad1a434f9c7046fd2dd196fc04b12f9e91ffb859164193be8b6168a7a"},
]
attrs = [
    {file = "attrs-21.4.0-py2.py3-none-any.whl", hash = "sha256:2d27e3784d7a565d36ab851fe94887c5eccd6a463168875832a1be79c82828b4"},
    {file = "attrs-21.4.0.tar.gz", hash = "sha256:626ba8234211db98e869df76230a137c4c40a12d72445c45d5f5b716f076e2fd"},
]
boto3 = [
    {file = "boto3-1.20.35-py3-none-any.whl", hash = "sha256:e0247a901ba3b7ec51f232921764b7ad14f458ed91038a71df9da732e12bbbe1"},
    {file = "boto3-1.20.35.tar.gz", hash = "sha256:42dd9fcb9e033ab19c9dfaeaba745ef9d2db6efe4e9f1e1f547b3e3e0b1f4a82"},
]
botocore = [
    {file = "botocore-1.23.35-py3-none-any.whl", hash = "sha256:4cbd668a28e489c8d1909f621684f070309b3ae990667094b344e6ea72337795"},
    {file = "botocore-1.23.35.tar.gz", hash = "sha256:5be6ba6c5ea71c256da8a5023bf9c278847c4b90fdb40f2c4c3bdb21ca11ff28"},
]
certifi = [
    {file = "certifi-2021.10.8-py2.py3-none-any.whl", hash = "sha256:d62a0163eb4c2344ac042ab2bdf75399a71a2d8c7d47eac2e2ee91b9d6339569"},
    {file = "certifi-2021.10.8.tar.gz", hash = "sha256:78884e7c1d4b00ce3cea67b44566851c4343c120abd683433ce934a68ea58872"},
]
charset-normalizer = [
    {file = "charset-normalizer-2.0.10.tar.gz", hash = "sha256:876d180e9d7432c5d1dfd4c5d26b72f099d503e8fcc0feb7532c9289be60fcbd"},
    {file = "charset_normalizer-2.0.10-py3-none-any.whl", hash = "sha256:cb957888737fc0bbcd78e3df769addb41fd1ff8cf950dc9e7ad7793f1bf44455"},
]
click = [
    {file = "click-8.0.1-py3-none-any.whl", hash = "sha256:fba402a4a47334742d782209a7c79bc448911afe1149d07bdabdf480b3e2f4b6"},
    {file = "click-8.0.1.tar.gz", hash = "sha256:8c04c11192119b1ef78ea049e0a6f0463e4c48ef00a30160c704337586f3ad7a"},
]
colorama = [
    {file = "colorama-0.4.4-py2.py3-none-any.whl", hash = "sha256:9f47eda37229f68eee03b24b9748937c7dc3868f906e8ba69fbcbdd3bc5dc3e2"},
    {file = "colorama-0.4.4.tar.gz", hash = "sha256:5941b2b48a20143d2267e95b1c2a7603ce057ee39fd88e7329b0c292aa16869b"},
]
contextlib2 = [
    {file = "contextlib2-21.6.0-py2.py3-none-any.whl", hash = "sha256:3fbdb64466afd23abaf6c977627b75b6139a5a3e8ce38405c5b413aed7a0471f"},
    {file = "contextlib2-21.6.0.tar.gz", hash = "sha256:ab1e2bfe1d01d968e1b7e8d9023bc51ef3509bba217bb730cee3827e1ee82869"},
]
dataclasses = [
    {file = "dataclasses-0.8-py3-none-any.whl", hash = "sha256:0201d89fa866f68c8ebd9d08ee6ff50c0b255f8ec63a71c16fda7af82bb887bf"},
    {file = "dataclasses-0.8.tar.gz", hash = "sha256:8479067f342acf957dc82ec415d355ab5edb7e7646b90dc6e2fd1d96ad084c97"},
]
decorator = [
    {file = "decorator-5.1.1-py3-none-any.whl", hash = "sha256:b8c3f85900b9dc423225913c5aace94729fe1fa9763b38939a95226f02d37186"},
    {file = "decorator-5.1.1.tar.gz", hash = "sha256:637996211036b6385ef91435e4fae22989472f9d571faba8927ba8253acbc330"},
]
gitlint = [
    {file = "gitlint-0.16.0-py2.py3-none-any.whl", hash = "sha256:ebe01da89571b027452c06349ea7b8eee06b412a9c768a250b64dfe31cb5a484"},
    {file = "gitlint-0.16.0.tar.gz", hash = "sha256:30ee2bdae611bbf66df6326b5da1afc14bf0be337e1d3021fafeb7f13b37f55b"},
]
idna = [
    {file = "idna-3.3-py3-none-any.whl", hash = "sha256:84d9dd047ffa80596e0f246e2eab0b391788b0503584e8945f2368256d2735ff"},
    {file = "idna-3.3.tar.gz", hash = "sha256:9d643ff0a55b762d5cdb124b8eaa99c66322e2157b69160bc32796e824360e6d"},
]
importlib-metadata = [
    {file = "importlib_metadata-4.8.3-py3-none-any.whl", hash = "sha256:65a9576a5b2d58ca44d133c42a241905cc45e34d2c06fd5ba2bafa221e5d7b5e"},
    {file = "importlib_metadata-4.8.3.tar.gz", hash = "sha256:766abffff765960fcc18003801f7044eb6755ffae4521c8e8ce8e83b9c9b0668"},
]
iniconfig = [
    {file = "iniconfig-1.1.1-py2.py3-none-any.whl", hash = "sha256:011e24c64b7f47f6ebd835bb12a743f2fbe9a26d4cecaa7f53bc4f35ee9da8b3"},
    {file = "iniconfig-1.1.1.tar.gz", hash = "sha256:bc3af051d7d14b2ee5ef9969666def0cd1a000e121eaea580d4a313df4b37f32"},
]
isort = [
    {file = "isort-5.10.1-py3-none-any.whl", hash = "sha256:6f62d78e2f89b4500b080fe3a81690850cd254227f27f75c3a0c491a1f351ba7"},
    {file = "isort-5.10.1.tar.gz", hash = "sha256:e8443a5e7a020e9d7f97f1d7d9cd17c88bcb3bc7e218bf9cf5095fe550be2951"},
]
jmespath = [
    {file = "jmespath-0.10.0-py2.py3-none-any.whl", hash = "sha256:cdf6525904cc597730141d61b36f2e4b8ecc257c420fa2f4549bac2c2d0cb72f"},
    {file = "jmespath-0.10.0.tar.gz", hash = "sha256:b85d0567b8666149a93172712e68920734333c0ce7e89b78b3e987f71e5ed4f9"},
]
lazy-object-proxy = [
    {file = "lazy-object-proxy-1.7.1.tar.gz", hash = "sha256:d609c75b986def706743cdebe5e47553f4a5a1da9c5ff66d76013ef396b5a8a4"},
    {file = "lazy_object_proxy-1.7.1-cp310-cp310-macosx_10_9_x86_64.whl", hash = "sha256:bb8c5fd1684d60a9902c60ebe276da1f2281a318ca16c1d0a96db28f62e9166b"},
    {file = "lazy_object_proxy-1.7.1-cp310-cp310-manylinux_2_17_aarch64.manylinux2014_aarch64.whl", hash = "sha256:a57d51ed2997e97f3b8e3500c984db50a554bb5db56c50b5dab1b41339b37e36"},
    {file = "lazy_object_proxy-1.7.1-cp310-cp310-manylinux_2_5_x86_64.manylinux1_x86_64.manylinux_2_17_x86_64.manylinux2014_x86_64.whl", hash = "sha256:fd45683c3caddf83abbb1249b653a266e7069a09f486daa8863fb0e7496a9fdb"},
    {file = "lazy_object_proxy-1.7.1-cp310-cp310-musllinux_1_1_aarch64.whl", hash = "sha256:8561da8b3dd22d696244d6d0d5330618c993a215070f473b699e00cf1f3f6443"},
    {file = "lazy_object_proxy-1.7.1-cp310-cp310-musllinux_1_1_x86_64.whl", hash = "sha256:fccdf7c2c5821a8cbd0a9440a456f5050492f2270bd54e94360cac663398739b"},
    {file = "lazy_object_proxy-1.7.1-cp310-cp310-win32.whl", hash = "sha256:898322f8d078f2654d275124a8dd19b079080ae977033b713f677afcfc88e2b9"},
    {file = "lazy_object_proxy-1.7.1-cp310-cp310-win_amd64.whl", hash = "sha256:85b232e791f2229a4f55840ed54706110c80c0a210d076eee093f2b2e33e1bfd"},
    {file = "lazy_object_proxy-1.7.1-cp36-cp36m-macosx_10_9_x86_64.whl", hash = "sha256:46ff647e76f106bb444b4533bb4153c7370cdf52efc62ccfc1a28bdb3cc95442"},
    {file = "lazy_object_proxy-1.7.1-cp36-cp36m-manylinux_2_17_aarch64.manylinux2014_aarch64.whl", hash = "sha256:12f3bb77efe1367b2515f8cb4790a11cffae889148ad33adad07b9b55e0ab22c"},
    {file = "lazy_object_proxy-1.7.1-cp36-cp36m-manylinux_2_5_x86_64.manylinux1_x86_64.manylinux_2_17_x86_64.manylinux2014_x86_64.whl", hash = "sha256:c19814163728941bb871240d45c4c30d33b8a2e85972c44d4e63dd7107faba44"},
    {file = "lazy_object_proxy-1.7.1-cp36-cp36m-musllinux_1_1_aarch64.whl", hash = "sha256:e40f2013d96d30217a51eeb1db28c9ac41e9d0ee915ef9d00da639c5b63f01a1"},
    {file = "lazy_object_proxy-1.7.1-cp36-cp36m-musllinux_1_1_x86_64.whl", hash = "sha256:2052837718516a94940867e16b1bb10edb069ab475c3ad84fd1e1a6dd2c0fcfc"},
    {file = "lazy_object_proxy-1.7.1-cp36-cp36m-win32.whl", hash = "sha256:6a24357267aa976abab660b1d47a34aaf07259a0c3859a34e536f1ee6e76b5bb"},
    {file = "lazy_object_proxy-1.7.1-cp36-cp36m-win_amd64.whl", hash = "sha256:6aff3fe5de0831867092e017cf67e2750c6a1c7d88d84d2481bd84a2e019ec35"},
    {file = "lazy_object_proxy-1.7.1-cp37-cp37m-macosx_10_9_x86_64.whl", hash = "sha256:6a6e94c7b02641d1311228a102607ecd576f70734dc3d5e22610111aeacba8a0"},
    {file = "lazy_object_proxy-1.7.1-cp37-cp37m-manylinux_2_17_aarch64.manylinux2014_aarch64.whl", hash = "sha256:c4ce15276a1a14549d7e81c243b887293904ad2d94ad767f42df91e75fd7b5b6"},
    {file = "lazy_object_proxy-1.7.1-cp37-cp37m-manylinux_2_5_x86_64.manylinux1_x86_64.manylinux_2_17_x86_64.manylinux2014_x86_64.whl", hash = "sha256:e368b7f7eac182a59ff1f81d5f3802161932a41dc1b1cc45c1f757dc876b5d2c"},
    {file = "lazy_object_proxy-1.7.1-cp37-cp37m-musllinux_1_1_aarch64.whl", hash = "sha256:6ecbb350991d6434e1388bee761ece3260e5228952b1f0c46ffc800eb313ff42"},
    {file = "lazy_object_proxy-1.7.1-cp37-cp37m-musllinux_1_1_x86_64.whl", hash = "sha256:553b0f0d8dbf21890dd66edd771f9b1b5f51bd912fa5f26de4449bfc5af5e029"},
    {file = "lazy_object_proxy-1.7.1-cp37-cp37m-win32.whl", hash = "sha256:c7a683c37a8a24f6428c28c561c80d5f4fd316ddcf0c7cab999b15ab3f5c5c69"},
    {file = "lazy_object_proxy-1.7.1-cp37-cp37m-win_amd64.whl", hash = "sha256:df2631f9d67259dc9620d831384ed7732a198eb434eadf69aea95ad18c587a28"},
    {file = "lazy_object_proxy-1.7.1-cp38-cp38-macosx_10_9_x86_64.whl", hash = "sha256:07fa44286cda977bd4803b656ffc1c9b7e3bc7dff7d34263446aec8f8c96f88a"},
    {file = "lazy_object_proxy-1.7.1-cp38-cp38-manylinux_2_17_aarch64.manylinux2014_aarch64.whl", hash = "sha256:4dca6244e4121c74cc20542c2ca39e5c4a5027c81d112bfb893cf0790f96f57e"},
    {file = "lazy_object_proxy-1.7.1-cp38-cp38-manylinux_2_5_x86_64.manylinux1_x86_64.manylinux_2_17_x86_64.manylinux2014_x86_64.whl", hash = "sha256:91ba172fc5b03978764d1df5144b4ba4ab13290d7bab7a50f12d8117f8630c38"},
    {file = "lazy_object_proxy-1.7.1-cp38-cp38-musllinux_1_1_aarch64.whl", hash = "sha256:043651b6cb706eee4f91854da4a089816a6606c1428fd391573ef8cb642ae4f7"},
    {file = "lazy_object_proxy-1.7.1-cp38-cp38-musllinux_1_1_x86_64.whl", hash = "sha256:b9e89b87c707dd769c4ea91f7a31538888aad05c116a59820f28d59b3ebfe25a"},
    {file = "lazy_object_proxy-1.7.1-cp38-cp38-win32.whl", hash = "sha256:9d166602b525bf54ac994cf833c385bfcc341b364e3ee71e3bf5a1336e677b55"},
    {file = "lazy_object_proxy-1.7.1-cp38-cp38-win_amd64.whl", hash = "sha256:8f3953eb575b45480db6568306893f0bd9d8dfeeebd46812aa09ca9579595148"},
    {file = "lazy_object_proxy-1.7.1-cp39-cp39-macosx_10_9_x86_64.whl", hash = "sha256:dd7ed7429dbb6c494aa9bc4e09d94b778a3579be699f9d67da7e6804c422d3de"},
    {file = "lazy_object_proxy-1.7.1-cp39-cp39-manylinux_2_17_aarch64.manylinux2014_aarch64.whl", hash = "sha256:70ed0c2b380eb6248abdef3cd425fc52f0abd92d2b07ce26359fcbc399f636ad"},
    {file = "lazy_object_proxy-1.7.1-cp39-cp39-manylinux_2_5_x86_64.manylinux1_x86_64.manylinux_2_17_x86_64.manylinux2014_x86_64.whl", hash = "sha256:7096a5e0c1115ec82641afbdd70451a144558ea5cf564a896294e346eb611be1"},
    {file = "lazy_object_proxy-1.7.1-cp39-cp39-musllinux_1_1_aarch64.whl", hash = "sha256:f769457a639403073968d118bc70110e7dce294688009f5c24ab78800ae56dc8"},
    {file = "lazy_object_proxy-1.7.1-cp39-cp39-musllinux_1_1_x86_64.whl", hash = "sha256:39b0e26725c5023757fc1ab2a89ef9d7ab23b84f9251e28f9cc114d5b59c1b09"},
    {file = "lazy_object_proxy-1.7.1-cp39-cp39-win32.whl", hash = "sha256:2130db8ed69a48a3440103d4a520b89d8a9405f1b06e2cc81640509e8bf6548f"},
    {file = "lazy_object_proxy-1.7.1-cp39-cp39-win_amd64.whl", hash = "sha256:677ea950bef409b47e51e733283544ac3d660b709cfce7b187f5ace137960d61"},
    {file = "lazy_object_proxy-1.7.1-pp37.pp38-none-any.whl", hash = "sha256:d66906d5785da8e0be7360912e99c9188b70f52c422f9fc18223347235691a84"},
]
mccabe = [
    {file = "mccabe-0.6.1-py2.py3-none-any.whl", hash = "sha256:ab8a6258860da4b6677da4bd2fe5dc2c659cff31b3ee4f7f5d64e79735b80d42"},
    {file = "mccabe-0.6.1.tar.gz", hash = "sha256:dd8d182285a0fe56bace7f45b5e7d1a6ebcbf524e8f3bd87eb0f125271b8831f"},
]
nsenter = [
    {file = "nsenter-0.2-py3-none-any.whl", hash = "sha256:d44ba70199f9b454139f2093141e63218bca5b1285c65fcf6e4b139116088867"},
    {file = "nsenter-0.2.tar.gz", hash = "sha256:876a18cb03de85948e4cd72fd4cfda4879561b7264f5722603f6437d452a25cb"},
]
packaging = [
    {file = "packaging-21.3-py3-none-any.whl", hash = "sha256:ef103e05f519cdc783ae24ea4e2e0f508a9c99b2d4969652eed6a2e1ea5bd522"},
    {file = "packaging-21.3.tar.gz", hash = "sha256:dd47c42927d89ab911e606518907cc2d3a1f38bbd026385970643f9c5b8ecfeb"},
]
pathlib = [
    {file = "pathlib-1.0.1.tar.gz", hash = "sha256:6940718dfc3eff4258203ad5021090933e5c04707d5ca8cc9e73c94a7894ea9f"},
]
platformdirs = [
    {file = "platformdirs-2.4.0-py3-none-any.whl", hash = "sha256:8868bbe3c3c80d42f20156f22e7131d2fb321f5bc86a2a345375c6481a67021d"},
    {file = "platformdirs-2.4.0.tar.gz", hash = "sha256:367a5e80b3d04d2428ffa76d33f124cf11e8fff2acdaa9b43d545f5c7d661ef2"},
]
pluggy = [
    {file = "pluggy-1.0.0-py2.py3-none-any.whl", hash = "sha256:74134bbf457f031a36d68416e1509f34bd5ccc019f0bcc952c7b909d06b37bd3"},
    {file = "pluggy-1.0.0.tar.gz", hash = "sha256:4224373bacce55f955a878bf9cfa763c1e360858e330072059e10bad68531159"},
]
psutil = [
    {file = "psutil-5.7.0-cp27-none-win32.whl", hash = "sha256:298af2f14b635c3c7118fd9183843f4e73e681bb6f01e12284d4d70d48a60953"},
    {file = "psutil-5.7.0-cp27-none-win_amd64.whl", hash = "sha256:75e22717d4dbc7ca529ec5063000b2b294fc9a367f9c9ede1f65846c7955fd38"},
    {file = "psutil-5.7.0-cp35-cp35m-win32.whl", hash = "sha256:f344ca230dd8e8d5eee16827596f1c22ec0876127c28e800d7ae20ed44c4b310"},
    {file = "psutil-5.7.0-cp35-cp35m-win_amd64.whl", hash = "sha256:e2d0c5b07c6fe5a87fa27b7855017edb0d52ee73b71e6ee368fae268605cc3f5"},
    {file = "psutil-5.7.0-cp36-cp36m-win32.whl", hash = "sha256:a02f4ac50d4a23253b68233b07e7cdb567bd025b982d5cf0ee78296990c22d9e"},
    {file = "psutil-5.7.0-cp36-cp36m-win_amd64.whl", hash = "sha256:1413f4158eb50e110777c4f15d7c759521703bd6beb58926f1d562da40180058"},
    {file = "psutil-5.7.0-cp37-cp37m-win32.whl", hash = "sha256:d008ddc00c6906ec80040d26dc2d3e3962109e40ad07fd8a12d0284ce5e0e4f8"},
    {file = "psutil-5.7.0-cp37-cp37m-win_amd64.whl", hash = "sha256:73f35ab66c6c7a9ce82ba44b1e9b1050be2a80cd4dcc3352cc108656b115c74f"},
    {file = "psutil-5.7.0-cp38-cp38-win32.whl", hash = "sha256:60b86f327c198561f101a92be1995f9ae0399736b6eced8f24af41ec64fb88d4"},
    {file = "psutil-5.7.0-cp38-cp38-win_amd64.whl", hash = "sha256:d84029b190c8a66a946e28b4d3934d2ca1528ec94764b180f7d6ea57b0e75e26"},
    {file = "psutil-5.7.0.tar.gz", hash = "sha256:685ec16ca14d079455892f25bd124df26ff9137664af445563c1bd36629b5e0e"},
]
py = [
    {file = "py-1.11.0-py2.py3-none-any.whl", hash = "sha256:607c53218732647dff4acdfcd50cb62615cedf612e72d1724fb1a0cc6405b378"},
    {file = "py-1.11.0.tar.gz", hash = "sha256:51c75c4126074b472f746a24399ad32f6053d1b34b68d2fa41e558e6f4a98719"},
]
pycodestyle = [
    {file = "pycodestyle-2.8.0-py2.py3-none-any.whl", hash = "sha256:720f8b39dde8b293825e7ff02c475f3077124006db4f440dcbc9a20b76548a20"},
    {file = "pycodestyle-2.8.0.tar.gz", hash = "sha256:eddd5847ef438ea1c7870ca7eb78a9d47ce0cdb4851a5523949f2601d0cbbe7f"},
]
pydocstyle = [
    {file = "pydocstyle-6.1.1-py3-none-any.whl", hash = "sha256:6987826d6775056839940041beef5c08cc7e3d71d63149b48e36727f70144dc4"},
    {file = "pydocstyle-6.1.1.tar.gz", hash = "sha256:1d41b7c459ba0ee6c345f2eb9ae827cab14a7533a88c5c6f7e94923f72df92dc"},
]
pylint = [
    {file = "pylint-2.12.2-py3-none-any.whl", hash = "sha256:daabda3f7ed9d1c60f52d563b1b854632fd90035bcf01443e234d3dc794e3b74"},
    {file = "pylint-2.12.2.tar.gz", hash = "sha256:9d945a73640e1fec07ee34b42f5669b770c759acd536ec7b16d7e4b87a9c9ff9"},
]
pyparsing = [
    {file = "pyparsing-3.0.6-py3-none-any.whl", hash = "sha256:04ff808a5b90911829c55c4e26f75fa5ca8a2f5f36aa3a51f68e27033341d3e4"},
    {file = "pyparsing-3.0.6.tar.gz", hash = "sha256:d9bdec0013ef1eb5a84ab39a3b3868911598afa494f5faa038647101504e2b81"},
]
pytest = [
    {file = "pytest-6.2.5-py3-none-any.whl", hash = "sha256:7310f8d27bc79ced999e760ca304d69f6ba6c6649c0b60fb0e04a4a77cacc134"},
    {file = "pytest-6.2.5.tar.gz", hash = "sha256:131b36680866a76e6781d13f101efb86cf674ebb9762eb70d3082b6f29889e89"},
]
pytest-timeout = [
    {file = "pytest-timeout-2.0.2.tar.gz", hash = "sha256:e6f98b54dafde8d70e4088467ff621260b641eb64895c4195b6e5c8f45638112"},
    {file = "pytest_timeout-2.0.2-py3-none-any.whl", hash = "sha256:fe9c3d5006c053bb9e062d60f641e6a76d6707aedb645350af9593e376fcc717"},
]
python-dateutil = [
    {file = "python-dateutil-2.8.2.tar.gz", hash = "sha256:0123cacc1627ae19ddf3c27a5de5bd67ee4586fbdd6440d9748f8abb483d3e86"},
    {file = "python_dateutil-2.8.2-py2.py3-none-any.whl", hash = "sha256:961d03dc3453ebbc59dbdea9e4e11c5651520a876d0f4db161e8674aae935da9"},
]
pyyaml = [
    {file = "PyYAML-6.0-cp310-cp310-macosx_10_9_x86_64.whl", hash = "sha256:d4db7c7aef085872ef65a8fd7d6d09a14ae91f691dec3e87ee5ee0539d516f53"},
    {file = "PyYAML-6.0-cp310-cp310-macosx_11_0_arm64.whl", hash = "sha256:9df7ed3b3d2e0ecfe09e14741b857df43adb5a3ddadc919a2d94fbdf78fea53c"},
    {file = "PyYAML-6.0-cp310-cp310-manylinux_2_17_aarch64.manylinux2014_aarch64.whl", hash = "sha256:77f396e6ef4c73fdc33a9157446466f1cff553d979bd00ecb64385760c6babdc"},
    {file = "PyYAML-6.0-cp310-cp310-manylinux_2_17_s390x.manylinux2014_s390x.whl", hash = "sha256:a80a78046a72361de73f8f395f1f1e49f956c6be882eed58505a15f3e430962b"},
    {file = "PyYAML-6.0-cp310-cp310-manylinux_2_5_x86_64.manylinux1_x86_64.manylinux_2_12_x86_64.manylinux2010_x86_64.whl", hash = "sha256:f84fbc98b019fef2ee9a1cb3ce93e3187a6df0b2538a651bfb890254ba9f90b5"},
    {file = "PyYAML-6.0-cp310-cp310-win32.whl", hash = "sha256:2cd5df3de48857ed0544b34e2d40e9fac445930039f3cfe4bcc592a1f836d513"},
    {file = "PyYAML-6.0-cp310-cp310-win_amd64.whl", hash = "sha256:daf496c58a8c52083df09b80c860005194014c3698698d1a57cbcfa182142a3a"},
    {file = "PyYAML-6.0-cp36-cp36m-macosx_10_9_x86_64.whl", hash = "sha256:897b80890765f037df3403d22bab41627ca8811ae55e9a722fd0392850ec4d86"},
    {file = "PyYAML-6.0-cp36-cp36m-manylinux_2_17_aarch64.manylinux2014_aarch64.whl", hash = "sha256:50602afada6d6cbfad699b0c7bb50d5ccffa7e46a3d738092afddc1f9758427f"},
    {file = "PyYAML-6.0-cp36-cp36m-manylinux_2_17_s390x.manylinux2014_s390x.whl", hash = "sha256:48c346915c114f5fdb3ead70312bd042a953a8ce5c7106d5bfb1a5254e47da92"},
    {file = "PyYAML-6.0-cp36-cp36m-manylinux_2_5_x86_64.manylinux1_x86_64.manylinux_2_12_x86_64.manylinux2010_x86_64.whl", hash = "sha256:98c4d36e99714e55cfbaaee6dd5badbc9a1ec339ebfc3b1f52e293aee6bb71a4"},
    {file = "PyYAML-6.0-cp36-cp36m-win32.whl", hash = "sha256:0283c35a6a9fbf047493e3a0ce8d79ef5030852c51e9d911a27badfde0605293"},
    {file = "PyYAML-6.0-cp36-cp36m-win_amd64.whl", hash = "sha256:07751360502caac1c067a8132d150cf3d61339af5691fe9e87803040dbc5db57"},
    {file = "PyYAML-6.0-cp37-cp37m-macosx_10_9_x86_64.whl", hash = "sha256:819b3830a1543db06c4d4b865e70ded25be52a2e0631ccd2f6a47a2822f2fd7c"},
    {file = "PyYAML-6.0-cp37-cp37m-manylinux_2_17_aarch64.manylinux2014_aarch64.whl", hash = "sha256:473f9edb243cb1935ab5a084eb238d842fb8f404ed2193a915d1784b5a6b5fc0"},
    {file = "PyYAML-6.0-cp37-cp37m-manylinux_2_17_s390x.manylinux2014_s390x.whl", hash = "sha256:0ce82d761c532fe4ec3f87fc45688bdd3a4c1dc5e0b4a19814b9009a29baefd4"},
    {file = "PyYAML-6.0-cp37-cp37m-manylinux_2_5_x86_64.manylinux1_x86_64.manylinux_2_12_x86_64.manylinux2010_x86_64.whl", hash = "sha256:231710d57adfd809ef5d34183b8ed1eeae3f76459c18fb4a0b373ad56bedcdd9"},
    {file = "PyYAML-6.0-cp37-cp37m-win32.whl", hash = "sha256:c5687b8d43cf58545ade1fe3e055f70eac7a5a1a0bf42824308d868289a95737"},
    {file = "PyYAML-6.0-cp37-cp37m-win_amd64.whl", hash = "sha256:d15a181d1ecd0d4270dc32edb46f7cb7733c7c508857278d3d378d14d606db2d"},
    {file = "PyYAML-6.0-cp38-cp38-macosx_10_9_x86_64.whl", hash = "sha256:0b4624f379dab24d3725ffde76559cff63d9ec94e1736b556dacdfebe5ab6d4b"},
    {file = "PyYAML-6.0-cp38-cp38-manylinux_2_17_aarch64.manylinux2014_aarch64.whl", hash = "sha256:213c60cd50106436cc818accf5baa1aba61c0189ff610f64f4a3e8c6726218ba"},
    {file = "PyYAML-6.0-cp38-cp38-manylinux_2_17_s390x.manylinux2014_s390x.whl", hash = "sha256:9fa600030013c4de8165339db93d182b9431076eb98eb40ee068700c9c813e34"},
    {file = "PyYAML-6.0-cp38-cp38-manylinux_2_5_x86_64.manylinux1_x86_64.manylinux_2_12_x86_64.manylinux2010_x86_64.whl", hash = "sha256:277a0ef2981ca40581a47093e9e2d13b3f1fbbeffae064c1d21bfceba2030287"},
    {file = "PyYAML-6.0-cp38-cp38-win32.whl", hash = "sha256:d4eccecf9adf6fbcc6861a38015c2a64f38b9d94838ac1810a9023a0609e1b78"},
    {file = "PyYAML-6.0-cp38-cp38-win_amd64.whl", hash = "sha256:1e4747bc279b4f613a09eb64bba2ba602d8a6664c6ce6396a4d0cd413a50ce07"},
    {file = "PyYAML-6.0-cp39-cp39-macosx_10_9_x86_64.whl", hash = "sha256:055d937d65826939cb044fc8c9b08889e8c743fdc6a32b33e2390f66013e449b"},
    {file = "PyYAML-6.0-cp39-cp39-macosx_11_0_arm64.whl", hash = "sha256:e61ceaab6f49fb8bdfaa0f92c4b57bcfbea54c09277b1b4f7ac376bfb7a7c174"},
    {file = "PyYAML-6.0-cp39-cp39-manylinux_2_17_aarch64.manylinux2014_aarch64.whl", hash = "sha256:d67d839ede4ed1b28a4e8909735fc992a923cdb84e618544973d7dfc71540803"},
    {file = "PyYAML-6.0-cp39-cp39-manylinux_2_17_s390x.manylinux2014_s390x.whl", hash = "sha256:cba8c411ef271aa037d7357a2bc8f9ee8b58b9965831d9e51baf703280dc73d3"},
    {file = "PyYAML-6.0-cp39-cp39-manylinux_2_5_x86_64.manylinux1_x86_64.manylinux_2_12_x86_64.manylinux2010_x86_64.whl", hash = "sha256:40527857252b61eacd1d9af500c3337ba8deb8fc298940291486c465c8b46ec0"},
    {file = "PyYAML-6.0-cp39-cp39-win32.whl", hash = "sha256:b5b9eccad747aabaaffbc6064800670f0c297e52c12754eb1d976c57e4f74dcb"},
    {file = "PyYAML-6.0-cp39-cp39-win_amd64.whl", hash = "sha256:b3d267842bf12586ba6c734f89d1f5b871df0273157918b0ccefa29deb05c21c"},
    {file = "PyYAML-6.0.tar.gz", hash = "sha256:68fb519c14306fec9720a2a5b45bc9f0c8d1b9c72adf45c37baedfcd949c35a2"},
]
requests = [
    {file = "requests-2.27.1-py2.py3-none-any.whl", hash = "sha256:f22fa1e554c9ddfd16e6e41ac79759e17be9e492b3587efa038054674760e72d"},
    {file = "requests-2.27.1.tar.gz", hash = "sha256:68d7c56fd5a8999887728ef304a6d12edc7be74f1cfa47714fc8b414525c9a61"},
]
requests-unixsocket = [
    {file = "requests-unixsocket-0.3.0.tar.gz", hash = "sha256:28304283ea9357d45fff58ad5b11e47708cfbf5806817aa59b2a363228ee971e"},
    {file = "requests_unixsocket-0.3.0-py2.py3-none-any.whl", hash = "sha256:c685c680f0809e1b2955339b1e5afc3c0022b3066f4f7eb343f43a6065fc0e5d"},
]
retry = [
    {file = "retry-0.9.2-py2.py3-none-any.whl", hash = "sha256:ccddf89761fa2c726ab29391837d4327f819ea14d244c232a1d24c67a2f98606"},
    {file = "retry-0.9.2.tar.gz", hash = "sha256:f8bfa8b99b69c4506d6f5bd3b0aabf77f98cdb17f3c9fc3f5ca820033336fba4"},
]
s3transfer = [
    {file = "s3transfer-0.5.0-py3-none-any.whl", hash = "sha256:9c1dc369814391a6bda20ebbf4b70a0f34630592c9aa520856bf384916af2803"},
    {file = "s3transfer-0.5.0.tar.gz", hash = "sha256:50ed823e1dc5868ad40c8dc92072f757aa0e653a192845c94a3b676f4a62da4c"},
]
sh = [
    {file = "sh-1.14.2-py2.py3-none-any.whl", hash = "sha256:4921ac9c1a77ec8084bdfaf152fe14138e2b3557cc740002c1a97076321fce8a"},
    {file = "sh-1.14.2.tar.gz", hash = "sha256:9d7bd0334d494b2a4609fe521b2107438cdb21c0e469ffeeb191489883d6fe0d"},
]
six = [
    {file = "six-1.16.0-py2.py3-none-any.whl", hash = "sha256:8abb2f1d86890a2dfb989f9a77cfcfd3e47c2a354b01111771326f8aa26e0254"},
    {file = "six-1.16.0.tar.gz", hash = "sha256:1e61c37477a1626458e36f7b1d82aa5c9b094fa4802892072e49de9c60c4c926"},
]
snowballstemmer = [
    {file = "snowballstemmer-2.2.0-py2.py3-none-any.whl", hash = "sha256:c8e1716e83cc398ae16824e5572ae04e0d9fc2c6b985fb0f900f5f0c96ecba1a"},
    {file = "snowballstemmer-2.2.0.tar.gz", hash = "sha256:09b16deb8547d3412ad7b590689584cd0fe25ec8db3be37788be3810cbf19cb1"},
]
toml = [
    {file = "toml-0.10.2-py2.py3-none-any.whl", hash = "sha256:806143ae5bfb6a3c6e736a764057db0e6a0e05e338b5630894a5f779cabb4f9b"},
    {file = "toml-0.10.2.tar.gz", hash = "sha256:b3bda1d108d5dd99f4a20d24d9c348e91c4db7ab1b749200bded2f839ccbe68f"},
]
typed-ast = [
    {file = "typed_ast-1.5.1-cp310-cp310-macosx_10_9_x86_64.whl", hash = "sha256:5d8314c92414ce7481eee7ad42b353943679cf6f30237b5ecbf7d835519e1212"},
    {file = "typed_ast-1.5.1-cp310-cp310-macosx_11_0_arm64.whl", hash = "sha256:b53ae5de5500529c76225d18eeb060efbcec90ad5e030713fe8dab0fb4531631"},
    {file = "typed_ast-1.5.1-cp310-cp310-manylinux_2_5_x86_64.manylinux1_x86_64.manylinux_2_12_x86_64.manylinux2010_x86_64.whl", hash = "sha256:24058827d8f5d633f97223f5148a7d22628099a3d2efe06654ce872f46f07cdb"},
    {file = "typed_ast-1.5.1-cp310-cp310-win_amd64.whl", hash = "sha256:a6d495c1ef572519a7bac9534dbf6d94c40e5b6a608ef41136133377bba4aa08"},
    {file = "typed_ast-1.5.1-cp36-cp36m-macosx_10_9_x86_64.whl", hash = "sha256:de4ecae89c7d8b56169473e08f6bfd2df7f95015591f43126e4ea7865928677e"},
    {file = "typed_ast-1.5.1-cp36-cp36m-manylinux_2_5_x86_64.manylinux1_x86_64.manylinux_2_12_x86_64.manylinux2010_x86_64.whl", hash = "sha256:256115a5bc7ea9e665c6314ed6671ee2c08ca380f9d5f130bd4d2c1f5848d695"},
    {file = "typed_ast-1.5.1-cp36-cp36m-win_amd64.whl", hash = "sha256:7c42707ab981b6cf4b73490c16e9d17fcd5227039720ca14abe415d39a173a30"},
    {file = "typed_ast-1.5.1-cp37-cp37m-macosx_10_9_x86_64.whl", hash = "sha256:71dcda943a471d826ea930dd449ac7e76db7be778fcd722deb63642bab32ea3f"},
    {file = "typed_ast-1.5.1-cp37-cp37m-manylinux_2_5_x86_64.manylinux1_x86_64.manylinux_2_12_x86_64.manylinux2010_x86_64.whl", hash = "sha256:4f30a2bcd8e68adbb791ce1567fdb897357506f7ea6716f6bbdd3053ac4d9471"},
    {file = "typed_ast-1.5.1-cp37-cp37m-win_amd64.whl", hash = "sha256:ca9e8300d8ba0b66d140820cf463438c8e7b4cdc6fd710c059bfcfb1531d03fb"},
    {file = "typed_ast-1.5.1-cp38-cp38-macosx_10_9_x86_64.whl", hash = "sha256:9caaf2b440efb39ecbc45e2fabde809cbe56272719131a6318fd9bf08b58e2cb"},
    {file = "typed_ast-1.5.1-cp38-cp38-macosx_11_0_arm64.whl", hash = "sha256:c9bcad65d66d594bffab8575f39420fe0ee96f66e23c4d927ebb4e24354ec1af"},
    {file = "typed_ast-1.5.1-cp38-cp38-manylinux_2_5_x86_64.manylinux1_x86_64.manylinux_2_12_x86_64.manylinux2010_x86_64.whl", hash = "sha256:591bc04e507595887160ed7aa8d6785867fb86c5793911be79ccede61ae96f4d"},
    {file = "typed_ast-1.5.1-cp38-cp38-win_amd64.whl", hash = "sha256:a80d84f535642420dd17e16ae25bb46c7f4c16ee231105e7f3eb43976a89670a"},
    {file = "typed_ast-1.5.1-cp39-cp39-macosx_10_9_x86_64.whl", hash = "sha256:38cf5c642fa808300bae1281460d4f9b7617cf864d4e383054a5ef336e344d32"},
    {file = "typed_ast-1.5.1-cp39-cp39-macosx_11_0_arm64.whl", hash = "sha256:5b6ab14c56bc9c7e3c30228a0a0b54b915b1579613f6e463ba6f4eb1382e7fd4"},
    {file = "typed_ast-1.5.1-cp39-cp39-manylinux_2_5_x86_64.manylinux1_x86_64.manylinux_2_12_x86_64.manylinux2010_x86_64.whl", hash = "sha256:a2b8d7007f6280e36fa42652df47087ac7b0a7d7f09f9468f07792ba646aac2d"},
    {file = "typed_ast-1.5.1-cp39-cp39-win_amd64.whl", hash = "sha256:b6d17f37f6edd879141e64a5db17b67488cfeffeedad8c5cec0392305e9bc775"},
    {file = "typed_ast-1.5.1.tar.gz", hash = "sha256:484137cab8ecf47e137260daa20bafbba5f4e3ec7fda1c1e69ab299b75fa81c5"},
]
typing-extensions = [
    {file = "typing_extensions-4.0.1-py3-none-any.whl", hash = "sha256:7f001e5ac290a0c0401508864c7ec868be4e701886d5b573a9528ed3973d9d3b"},
    {file = "typing_extensions-4.0.1.tar.gz", hash = "sha256:4ca091dea149f945ec56afb48dae714f21e8692ef22a395223bcd328961b6a0e"},
]
urllib3 = [
    {file = "urllib3-1.26.8-py2.py3-none-any.whl", hash = "sha256:000ca7f471a233c2251c6c7023ee85305721bfdf18621ebff4fd17a8653427ed"},
    {file = "urllib3-1.26.8.tar.gz", hash = "sha256:0e7c33d9a63e7ddfcb86780aac87befc2fbddf46c58dbb487e0855f7ceec283c"},
]
wrapt = [
    {file = "wrapt-1.13.3-cp27-cp27m-macosx_10_9_x86_64.whl", hash = "sha256:e05e60ff3b2b0342153be4d1b597bbcfd8330890056b9619f4ad6b8d5c96a81a"},
    {file = "wrapt-1.13.3-cp27-cp27m-manylinux1_i686.whl", hash = "sha256:85148f4225287b6a0665eef08a178c15097366d46b210574a658c1ff5b377489"},
    {file = "wrapt-1.13.3-cp27-cp27m-manylinux1_x86_64.whl", hash = "sha256:2dded5496e8f1592ec27079b28b6ad2a1ef0b9296d270f77b8e4a3a796cf6909"},
    {file = "wrapt-1.13.3-cp27-cp27m-manylinux2010_i686.whl", hash = "sha256:e94b7d9deaa4cc7bac9198a58a7240aaf87fe56c6277ee25fa5b3aa1edebd229"},
    {file = "wrapt-1.13.3-cp27-cp27m-manylinux2010_x86_64.whl", hash = "sha256:498e6217523111d07cd67e87a791f5e9ee769f9241fcf8a379696e25806965af"},
    {file = "wrapt-1.13.3-cp27-cp27mu-manylinux1_i686.whl", hash = "sha256:ec7e20258ecc5174029a0f391e1b948bf2906cd64c198a9b8b281b811cbc04de"},
    {file = "wrapt-1.13.3-cp27-cp27mu-manylinux1_x86_64.whl", hash = "sha256:87883690cae293541e08ba2da22cacaae0a092e0ed56bbba8d018cc486fbafbb"},
    {file = "wrapt-1.13.3-cp27-cp27mu-manylinux2010_i686.whl", hash = "sha256:f99c0489258086308aad4ae57da9e8ecf9e1f3f30fa35d5e170b4d4896554d80"},
    {file = "wrapt-1.13.3-cp27-cp27mu-manylinux2010_x86_64.whl", hash = "sha256:6a03d9917aee887690aa3f1747ce634e610f6db6f6b332b35c2dd89412912bca"},
    {file = "wrapt-1.13.3-cp310-cp310-macosx_10_9_x86_64.whl", hash = "sha256:936503cb0a6ed28dbfa87e8fcd0a56458822144e9d11a49ccee6d9a8adb2ac44"},
    {file = "wrapt-1.13.3-cp310-cp310-manylinux_2_5_i686.manylinux1_i686.manylinux_2_12_i686.manylinux2010_i686.whl", hash = "sha256:f9c51d9af9abb899bd34ace878fbec8bf357b3194a10c4e8e0a25512826ef056"},
    {file = "wrapt-1.13.3-cp310-cp310-manylinux_2_5_x86_64.manylinux1_x86_64.manylinux_2_12_x86_64.manylinux2010_x86_64.whl", hash = "sha256:220a869982ea9023e163ba915077816ca439489de6d2c09089b219f4e11b6785"},
    {file = "wrapt-1.13.3-cp310-cp310-musllinux_1_1_i686.whl", hash = "sha256:0877fe981fd76b183711d767500e6b3111378ed2043c145e21816ee589d91096"},
    {file = "wrapt-1.13.3-cp310-cp310-musllinux_1_1_x86_64.whl", hash = "sha256:43e69ffe47e3609a6aec0fe723001c60c65305784d964f5007d5b4fb1bc6bf33"},
    {file = "wrapt-1.13.3-cp310-cp310-win32.whl", hash = "sha256:78dea98c81915bbf510eb6a3c9c24915e4660302937b9ae05a0947164248020f"},
    {file = "wrapt-1.13.3-cp310-cp310-win_amd64.whl", hash = "sha256:ea3e746e29d4000cd98d572f3ee2a6050a4f784bb536f4ac1f035987fc1ed83e"},
    {file = "wrapt-1.13.3-cp35-cp35m-manylinux1_i686.whl", hash = "sha256:8c73c1a2ec7c98d7eaded149f6d225a692caa1bd7b2401a14125446e9e90410d"},
    {file = "wrapt-1.13.3-cp35-cp35m-manylinux1_x86_64.whl", hash = "sha256:086218a72ec7d986a3eddb7707c8c4526d677c7b35e355875a0fe2918b059179"},
    {file = "wrapt-1.13.3-cp35-cp35m-manylinux2010_i686.whl", hash = "sha256:e92d0d4fa68ea0c02d39f1e2f9cb5bc4b4a71e8c442207433d8db47ee79d7aa3"},
    {file = "wrapt-1.13.3-cp35-cp35m-manylinux2010_x86_64.whl", hash = "sha256:d4a5f6146cfa5c7ba0134249665acd322a70d1ea61732723c7d3e8cc0fa80755"},
    {file = "wrapt-1.13.3-cp35-cp35m-win32.whl", hash = "sha256:8aab36778fa9bba1a8f06a4919556f9f8c7b33102bd71b3ab307bb3fecb21851"},
    {file = "wrapt-1.13.3-cp35-cp35m-win_amd64.whl", hash = "sha256:944b180f61f5e36c0634d3202ba8509b986b5fbaf57db3e94df11abee244ba13"},
    {file = "wrapt-1.13.3-cp36-cp36m-macosx_10_9_x86_64.whl", hash = "sha256:2ebdde19cd3c8cdf8df3fc165bc7827334bc4e353465048b36f7deeae8ee0918"},
    {file = "wrapt-1.13.3-cp36-cp36m-manylinux_2_5_i686.manylinux1_i686.manylinux_2_12_i686.manylinux2010_i686.whl", hash = "sha256:610f5f83dd1e0ad40254c306f4764fcdc846641f120c3cf424ff57a19d5f7ade"},
    {file = "wrapt-1.13.3-cp36-cp36m-manylinux_2_5_x86_64.manylinux1_x86_64.manylinux_2_12_x86_64.manylinux2010_x86_64.whl", hash = "sha256:5601f44a0f38fed36cc07db004f0eedeaadbdcec90e4e90509480e7e6060a5bc"},
    {file = "wrapt-1.13.3-cp36-cp36m-musllinux_1_1_i686.whl", hash = "sha256:e6906d6f48437dfd80464f7d7af1740eadc572b9f7a4301e7dd3d65db285cacf"},
    {file = "wrapt-1.13.3-cp36-cp36m-musllinux_1_1_x86_64.whl", hash = "sha256:766b32c762e07e26f50d8a3468e3b4228b3736c805018e4b0ec8cc01ecd88125"},
    {file = "wrapt-1.13.3-cp36-cp36m-win32.whl", hash = "sha256:5f223101f21cfd41deec8ce3889dc59f88a59b409db028c469c9b20cfeefbe36"},
    {file = "wrapt-1.13.3-cp36-cp36m-win_amd64.whl", hash = "sha256:f122ccd12fdc69628786d0c947bdd9cb2733be8f800d88b5a37c57f1f1d73c10"},
    {file = "wrapt-1.13.3-cp37-cp37m-macosx_10_9_x86_64.whl", hash = "sha256:46f7f3af321a573fc0c3586612db4decb7eb37172af1bc6173d81f5b66c2e068"},
    {file = "wrapt-1.13.3-cp37-cp37m-manylinux_2_5_i686.manylinux1_i686.manylinux_2_12_i686.manylinux2010_i686.whl", hash = "sha256:778fd096ee96890c10ce96187c76b3e99b2da44e08c9e24d5652f356873f6709"},
    {file = "wrapt-1.13.3-cp37-cp37m-manylinux_2_5_x86_64.manylinux1_x86_64.manylinux_2_12_x86_64.manylinux2010_x86_64.whl", hash = "sha256:0cb23d36ed03bf46b894cfec777eec754146d68429c30431c99ef28482b5c1df"},
    {file = "wrapt-1.13.3-cp37-cp37m-musllinux_1_1_i686.whl", hash = "sha256:96b81ae75591a795d8c90edc0bfaab44d3d41ffc1aae4d994c5aa21d9b8e19a2"},
    {file = "wrapt-1.13.3-cp37-cp37m-musllinux_1_1_x86_64.whl", hash = "sha256:7dd215e4e8514004c8d810a73e342c536547038fb130205ec4bba9f5de35d45b"},
    {file = "wrapt-1.13.3-cp37-cp37m-win32.whl", hash = "sha256:47f0a183743e7f71f29e4e21574ad3fa95676136f45b91afcf83f6a050914829"},
    {file = "wrapt-1.13.3-cp37-cp37m-win_amd64.whl", hash = "sha256:fd76c47f20984b43d93de9a82011bb6e5f8325df6c9ed4d8310029a55fa361ea"},
    {file = "wrapt-1.13.3-cp38-cp38-macosx_10_9_x86_64.whl", hash = "sha256:b73d4b78807bd299b38e4598b8e7bd34ed55d480160d2e7fdaabd9931afa65f9"},
    {file = "wrapt-1.13.3-cp38-cp38-manylinux_2_5_i686.manylinux1_i686.manylinux_2_12_i686.manylinux2010_i686.whl", hash = "sha256:ec9465dd69d5657b5d2fa6133b3e1e989ae27d29471a672416fd729b429eb554"},
    {file = "wrapt-1.13.3-cp38-cp38-manylinux_2_5_x86_64.manylinux1_x86_64.manylinux_2_12_x86_64.manylinux2010_x86_64.whl", hash = "sha256:dd91006848eb55af2159375134d724032a2d1d13bcc6f81cd8d3ed9f2b8e846c"},
    {file = "wrapt-1.13.3-cp38-cp38-musllinux_1_1_i686.whl", hash = "sha256:ae9de71eb60940e58207f8e71fe113c639da42adb02fb2bcbcaccc1ccecd092b"},
    {file = "wrapt-1.13.3-cp38-cp38-musllinux_1_1_x86_64.whl", hash = "sha256:51799ca950cfee9396a87f4a1240622ac38973b6df5ef7a41e7f0b98797099ce"},
    {file = "wrapt-1.13.3-cp38-cp38-win32.whl", hash = "sha256:4b9c458732450ec42578b5642ac53e312092acf8c0bfce140ada5ca1ac556f79"},
    {file = "wrapt-1.13.3-cp38-cp38-win_amd64.whl", hash = "sha256:7dde79d007cd6dfa65afe404766057c2409316135cb892be4b1c768e3f3a11cb"},
    {file = "wrapt-1.13.3-cp39-cp39-macosx_10_9_x86_64.whl", hash = "sha256:981da26722bebb9247a0601e2922cedf8bb7a600e89c852d063313102de6f2cb"},
    {file = "wrapt-1.13.3-cp39-cp39-manylinux_2_5_i686.manylinux1_i686.manylinux_2_12_i686.manylinux2010_i686.whl", hash = "sha256:705e2af1f7be4707e49ced9153f8d72131090e52be9278b5dbb1498c749a1e32"},
    {file = "wrapt-1.13.3-cp39-cp39-manylinux_2_5_x86_64.manylinux1_x86_64.manylinux_2_12_x86_64.manylinux2010_x86_64.whl", hash = "sha256:25b1b1d5df495d82be1c9d2fad408f7ce5ca8a38085e2da41bb63c914baadff7"},
    {file = "wrapt-1.13.3-cp39-cp39-musllinux_1_1_i686.whl", hash = "sha256:77416e6b17926d953b5c666a3cb718d5945df63ecf922af0ee576206d7033b5e"},
    {file = "wrapt-1.13.3-cp39-cp39-musllinux_1_1_x86_64.whl", hash = "sha256:865c0b50003616f05858b22174c40ffc27a38e67359fa1495605f96125f76640"},
    {file = "wrapt-1.13.3-cp39-cp39-win32.whl", hash = "sha256:0a017a667d1f7411816e4bf214646d0ad5b1da2c1ea13dec6c162736ff25a374"},
    {file = "wrapt-1.13.3-cp39-cp39-win_amd64.whl", hash = "sha256:81bd7c90d28a4b2e1df135bfbd7c23aee3050078ca6441bead44c42483f9ebfb"},
    {file = "wrapt-1.13.3.tar.gz", hash = "sha256:1fea9cd438686e6682271d36f3481a9f3636195578bab9ca3382e2f5f01fc185"},
]
zipp = [
    {file = "zipp-3.6.0-py3-none-any.whl", hash = "sha256:9fe5ea21568a0a70e50f273397638d39b03353731e6cbbb3fd8502a33fec40bc"},
    {file = "zipp-3.6.0.tar.gz", hash = "sha256:71c644c5369f4a6e07636f0aa966270449561fcea2e3d6747b8d23efaa9d7832"},
]
